<?xml version="1.0" encoding="utf-8"?>
<Project ToolsVersion="4.0" xmlns="http://schemas.microsoft.com/developer/msbuild/2003">
  <ItemGroup>
    <Filter Include="Source Files">
      <UniqueIdentifier>{4FC737F1-C7A5-4376-A066-2A32D752A2FF}</UniqueIdentifier>
      <Extensions>cpp;c;cc;cxx;def;odl;idl;hpj;bat;asm;asmx</Extensions>
    </Filter>
    <Filter Include="Header Files">
      <UniqueIdentifier>{93995380-89BD-4b04-88EB-625FBE52EBFB}</UniqueIdentifier>
      <Extensions>h;hh;hpp;hxx;hm;inl;inc;xsd</Extensions>
    </Filter>
    <Filter Include="Resource Files">
      <UniqueIdentifier>{67DA6AB6-F800-4c08-8B7A-83BB121AAD01}</UniqueIdentifier>
      <Extensions>rc;ico;cur;bmp;dlg;rc2;rct;bin;rgs;gif;jpg;jpeg;jpe;resx;tiff;tif;png;wav;mfcribbon-ms</Extensions>
    </Filter>
  </ItemGroup>
  <ItemGroup>
    <ClCompile Include="Main.cpp">
      <Filter>Source Files</Filter>
    </ClCompile>
    <ClCompile Include="Game.cpp">
      <Filter>Source Files</Filter>
    </ClCompile>
    <ClCompile Include="KButton.cpp">
      <Filter>Source Files</Filter>
    </ClCompile>
    <ClCompile Include="Space.cpp">
      <Filter>Source Files</Filter>
    </ClCompile>
    <ClCompile Include="Piece.cpp">
      <Filter>Source Files</Filter>
    </ClCompile>
    <ClCompile Include="TextureModule.cpp">
      <Filter>Source Files</Filter>
    </ClCompile>
    <ClCompile Include="ChuBoard.cpp">
      <Filter>Source Files</Filter>
    </ClCompile>
    <ClCompile Include="Board.cpp">
      <Filter>Source Files</Filter>
    </ClCompile>
    <ClCompile Include="ChuShoBoard.cpp">
      <Filter>Source Files</Filter>
    </ClCompile>
    <ClCompile Include="DaiBoard.cpp">
      <Filter>Source Files</Filter>
    </ClCompile>
  </ItemGroup>
  <ItemGroup>
    <ClInclude Include="Game.h">
      <Filter>Header Files</Filter>
    </ClInclude>
    <ClInclude Include="KButton.h">
      <Filter>Header Files</Filter>
    </ClInclude>
    <ClInclude Include="Space.h">
      <Filter>Header Files</Filter>
    </ClInclude>
    <ClInclude Include="Piece.h">
      <Filter>Header Files</Filter>
    </ClInclude>
    <ClInclude Include="TextureModule.h">
      <Filter>Header Files</Filter>
    </ClInclude>
    <ClInclude Include="ChuBoard.h">
      <Filter>Header Files</Filter>
    </ClInclude>
    <ClInclude Include="Board.h">
      <Filter>Header Files</Filter>
    </ClInclude>
    <ClInclude Include="ChuShoBoard.h">
      <Filter>Header Files</Filter>
    </ClInclude>
    <ClInclude Include="DaiBoard.h">
      <Filter>Header Files</Filter>
    </ClInclude>
    <ClInclude Include="BoardIterator.h">
      <Filter>Header Files</Filter>
    </ClInclude>
    <ClInclude Include="KSIterator.h">
      <Filter>Header Files</Filter>
    </ClInclude>
    <ClInclude Include="SBlackWin.h">
      <Filter>Header Files</Filter>
    </ClInclude>
    <ClInclude Include="SGame.h">
      <Filter>Header Files</Filter>
    </ClInclude>
    <ClInclude Include="SGameSelect.h">
      <Filter>Header Files</Filter>
    </ClInclude>
    <ClInclude Include="SPauseMenu.h">
      <Filter>Header Files</Filter>
    </ClInclude>
    <ClInclude Include="SSettings.h">
      <Filter>Header Files</Filter>
    </ClInclude>
    <ClInclude Include="SStartMenu.h">
      <Filter>Header Files</Filter>
    </ClInclude>
    <ClInclude Include="State.h">
      <Filter>Header Files</Filter>
    </ClInclude>
    <ClInclude Include="StateMachine.h">
      <Filter>Header Files</Filter>
    </ClInclude>
    <ClInclude Include="StateMachineIncludeCheat.h">
      <Filter>Header Files</Filter>
    </ClInclude>
    <ClInclude Include="SWhiteWin.h">
      <Filter>Header Files</Filter>
    </ClInclude>
  </ItemGroup>
</Project>